// !$*UTF8*$!
{
	archiveVersion = 1;
	classes = {
	};
	objectVersion = 55;
	objects = {

/* Begin PBXBuildFile section */
		31B57CFE521B3BB6B2607FF7 /* Pods_WeChat.framework in Frameworks */ = {isa = PBXBuildFile; fileRef = 73A68825826A990CB809893C /* Pods_WeChat.framework */; };
		B52A261428420D2400607363 /* AppDelegate.m in Sources */ = {isa = PBXBuildFile; fileRef = B52A261328420D2400607363 /* AppDelegate.m */; };
		B52A261D28420D2400607363 /* Main.storyboard in Resources */ = {isa = PBXBuildFile; fileRef = B52A261B28420D2400607363 /* Main.storyboard */; };
		B52A261F28420D2500607363 /* Color.xcassets in Resources */ = {isa = PBXBuildFile; fileRef = B52A261E28420D2500607363 /* Color.xcassets */; };
		B52A262228420D2500607363 /* LaunchScreen.storyboard in Resources */ = {isa = PBXBuildFile; fileRef = B52A262028420D2500607363 /* LaunchScreen.storyboard */; };
		B52A262528420D2500607363 /* main.m in Sources */ = {isa = PBXBuildFile; fileRef = B52A262428420D2500607363 /* main.m */; };
		B54643A0284246490027ECD4 /* LoginVC.m in Sources */ = {isa = PBXBuildFile; fileRef = B546439F284246490027ECD4 /* LoginVC.m */; };
		B54643A2284246850027ECD4 /* LoginImage.xcassets in Resources */ = {isa = PBXBuildFile; fileRef = B54643A1284246850027ECD4 /* LoginImage.xcassets */; };
		B54643AD284285320027ECD4 /* LoginView.m in Sources */ = {isa = PBXBuildFile; fileRef = B54643AC284285320027ECD4 /* LoginView.m */; };
		B54643B32842FCB20027ECD4 /* TabBarVC.m in Sources */ = {isa = PBXBuildFile; fileRef = B54643B22842FCB20027ECD4 /* TabBarVC.m */; };
		B54643B62842FD3F0027ECD4 /* FirstPageVC.m in Sources */ = {isa = PBXBuildFile; fileRef = B54643B52842FD3F0027ECD4 /* FirstPageVC.m */; };
		B54643B92842FD5A0027ECD4 /* AddressBookVC.m in Sources */ = {isa = PBXBuildFile; fileRef = B54643B82842FD5A0027ECD4 /* AddressBookVC.m */; };
		B54643BD2842FDB70027ECD4 /* MomentsPageVC.m in Sources */ = {isa = PBXBuildFile; fileRef = B54643BC2842FDB70027ECD4 /* MomentsPageVC.m */; };
		B54643C12842FDE90027ECD4 /* PersonPageVC.m in Sources */ = {isa = PBXBuildFile; fileRef = B54643C02842FDE90027ECD4 /* PersonPageVC.m */; };
		B54643C6284312350027ECD4 /* FirstPageModel.m in Sources */ = {isa = PBXBuildFile; fileRef = B54643C5284312350027ECD4 /* FirstPageModel.m */; };
		B54643CA2843125D0027ECD4 /* FirstPageView.m in Sources */ = {isa = PBXBuildFile; fileRef = B54643C92843125D0027ECD4 /* FirstPageView.m */; };
		B54643CC284313470027ECD4 /* firstPageData.plist in Resources */ = {isa = PBXBuildFile; fileRef = B54643CB284313470027ECD4 /* firstPageData.plist */; };
		B54643CE2843172C0027ECD4 /* FirstPageImage.xcassets in Resources */ = {isa = PBXBuildFile; fileRef = B54643CD2843172C0027ECD4 /* FirstPageImage.xcassets */; };
		B56E97692849DCDB00FC5D5F /* MomentsImage.xcassets in Resources */ = {isa = PBXBuildFile; fileRef = B56E97682849DCDB00FC5D5F /* MomentsImage.xcassets */; };
		B56E97712849DDEE00FC5D5F /* MomentsCell.m in Sources */ = {isa = PBXBuildFile; fileRef = B56E976F2849DDEE00FC5D5F /* MomentsCell.m */; };
		B56E97742849DE0600FC5D5F /* MomentsModel.m in Sources */ = {isa = PBXBuildFile; fileRef = B56E97722849DE0600FC5D5F /* MomentsModel.m */; };
		B56E97772849DE1000FC5D5F /* popFuncView.m in Sources */ = {isa = PBXBuildFile; fileRef = B56E97762849DE1000FC5D5F /* popFuncView.m */; };
		B56E977A2849DE1800FC5D5F /* SKKImageZoom.m in Sources */ = {isa = PBXBuildFile; fileRef = B56E97792849DE1800FC5D5F /* SKKImageZoom.m */; };
		B56E97802849F8A100FC5D5F /* momentData.plist in Resources */ = {isa = PBXBuildFile; fileRef = B56E977F2849F8A100FC5D5F /* momentData.plist */; };
		B56E97852849FEBD00FC5D5F /* PublishVC.m in Sources */ = {isa = PBXBuildFile; fileRef = B56E97842849FEBD00FC5D5F /* PublishVC.m */; };
		B56E97892849FEF100FC5D5F /* SettingVC.m in Sources */ = {isa = PBXBuildFile; fileRef = B56E97882849FEF100FC5D5F /* SettingVC.m */; };
		B56E978D2849FF5400FC5D5F /* CommentVC.m in Sources */ = {isa = PBXBuildFile; fileRef = B56E978C2849FF5400FC5D5F /* CommentVC.m */; };
		B56E9790284A597B00FC5D5F /* TopView.m in Sources */ = {isa = PBXBuildFile; fileRef = B56E978F284A597B00FC5D5F /* TopView.m */; };
		B5FB337828435BA20024532F /* FirstPageCellTableViewCell.m in Sources */ = {isa = PBXBuildFile; fileRef = B5FB337728435BA20024532F /* FirstPageCellTableViewCell.m */; };
		B5FB33EA2844E2EF0024532F /* addressBookData.plist in Resources */ = {isa = PBXBuildFile; fileRef = B5FB33E92844E2EF0024532F /* addressBookData.plist */; };
		B5FB33EC2844E3250024532F /* AddressBookImage.xcassets in Resources */ = {isa = PBXBuildFile; fileRef = B5FB33EB2844E3250024532F /* AddressBookImage.xcassets */; };
		B5FB33F12844E38E0024532F /* AddressBookView.m in Sources */ = {isa = PBXBuildFile; fileRef = B5FB33F02844E38E0024532F /* AddressBookView.m */; };
		B5FB33F42844E3A70024532F /* AddressBookModel.m in Sources */ = {isa = PBXBuildFile; fileRef = B5FB33F32844E3A70024532F /* AddressBookModel.m */; };
		B5FB33F82844E5510024532F /* AddressBookCell.m in Sources */ = {isa = PBXBuildFile; fileRef = B5FB33F72844E5510024532F /* AddressBookCell.m */; };
/* End PBXBuildFile section */

/* Begin PBXFileReference section */
		09F1320FC9D24D0CE36AE86D /* Pods-WeChat.debug.xcconfig */ = {isa = PBXFileReference; includeInIndex = 1; lastKnownFileType = text.xcconfig; name = "Pods-WeChat.debug.xcconfig"; path = "Target Support Files/Pods-WeChat/Pods-WeChat.debug.xcconfig"; sourceTree = "<group>"; };
		73A68825826A990CB809893C /* Pods_WeChat.framework */ = {isa = PBXFileReference; explicitFileType = wrapper.framework; includeInIndex = 0; path = Pods_WeChat.framework; sourceTree = BUILT_PRODUCTS_DIR; };
		7C4D6A455DC381C0CB994636 /* Pods-WeChat.release.xcconfig */ = {isa = PBXFileReference; includeInIndex = 1; lastKnownFileType = text.xcconfig; name = "Pods-WeChat.release.xcconfig"; path = "Target Support Files/Pods-WeChat/Pods-WeChat.release.xcconfig"; sourceTree = "<group>"; };
		B52A260F28420D2400607363 /* WeChat.app */ = {isa = PBXFileReference; explicitFileType = wrapper.application; includeInIndex = 0; path = WeChat.app; sourceTree = BUILT_PRODUCTS_DIR; };
		B52A261228420D2400607363 /* AppDelegate.h */ = {isa = PBXFileReference; lastKnownFileType = sourcecode.c.h; path = AppDelegate.h; sourceTree = "<group>"; };
		B52A261328420D2400607363 /* AppDelegate.m */ = {isa = PBXFileReference; lastKnownFileType = sourcecode.c.objc; path = AppDelegate.m; sourceTree = "<group>"; };
		B52A261C28420D2400607363 /* Base */ = {isa = PBXFileReference; lastKnownFileType = file.storyboard; name = Base; path = Base.lproj/Main.storyboard; sourceTree = "<group>"; };
		B52A261E28420D2500607363 /* Color.xcassets */ = {isa = PBXFileReference; lastKnownFileType = folder.assetcatalog; path = Color.xcassets; sourceTree = "<group>"; };
		B52A262128420D2500607363 /* Base */ = {isa = PBXFileReference; lastKnownFileType = file.storyboard; name = Base; path = Base.lproj/LaunchScreen.storyboard; sourceTree = "<group>"; };
		B52A262328420D2500607363 /* Info.plist */ = {isa = PBXFileReference; lastKnownFileType = text.plist.xml; path = Info.plist; sourceTree = "<group>"; };
		B52A262428420D2500607363 /* main.m */ = {isa = PBXFileReference; lastKnownFileType = sourcecode.c.objc; path = main.m; sourceTree = "<group>"; };
		B546439E284246490027ECD4 /* LoginVC.h */ = {isa = PBXFileReference; lastKnownFileType = sourcecode.c.h; path = LoginVC.h; sourceTree = "<group>"; };
		B546439F284246490027ECD4 /* LoginVC.m */ = {isa = PBXFileReference; lastKnownFileType = sourcecode.c.objc; path = LoginVC.m; sourceTree = "<group>"; };
		B54643A1284246850027ECD4 /* LoginImage.xcassets */ = {isa = PBXFileReference; lastKnownFileType = folder.assetcatalog; path = LoginImage.xcassets; sourceTree = "<group>"; };
		B54643AA284253650027ECD4 /* PrefixHeader.pch */ = {isa = PBXFileReference; lastKnownFileType = sourcecode.c.h; path = PrefixHeader.pch; sourceTree = "<group>"; };
		B54643AB284285320027ECD4 /* LoginView.h */ = {isa = PBXFileReference; lastKnownFileType = sourcecode.c.h; path = LoginView.h; sourceTree = "<group>"; };
		B54643AC284285320027ECD4 /* LoginView.m */ = {isa = PBXFileReference; lastKnownFileType = sourcecode.c.objc; path = LoginView.m; sourceTree = "<group>"; };
		B54643B12842FCB20027ECD4 /* TabBarVC.h */ = {isa = PBXFileReference; lastKnownFileType = sourcecode.c.h; path = TabBarVC.h; sourceTree = "<group>"; };
		B54643B22842FCB20027ECD4 /* TabBarVC.m */ = {isa = PBXFileReference; lastKnownFileType = sourcecode.c.objc; path = TabBarVC.m; sourceTree = "<group>"; };
		B54643B42842FD3F0027ECD4 /* FirstPageVC.h */ = {isa = PBXFileReference; lastKnownFileType = sourcecode.c.h; path = FirstPageVC.h; sourceTree = "<group>"; };
		B54643B52842FD3F0027ECD4 /* FirstPageVC.m */ = {isa = PBXFileReference; lastKnownFileType = sourcecode.c.objc; path = FirstPageVC.m; sourceTree = "<group>"; };
		B54643B72842FD5A0027ECD4 /* AddressBookVC.h */ = {isa = PBXFileReference; lastKnownFileType = sourcecode.c.h; path = AddressBookVC.h; sourceTree = "<group>"; };
		B54643B82842FD5A0027ECD4 /* AddressBookVC.m */ = {isa = PBXFileReference; lastKnownFileType = sourcecode.c.objc; path = AddressBookVC.m; sourceTree = "<group>"; };
		B54643BB2842FDB70027ECD4 /* MomentsPageVC.h */ = {isa = PBXFileReference; lastKnownFileType = sourcecode.c.h; path = MomentsPageVC.h; sourceTree = "<group>"; };
		B54643BC2842FDB70027ECD4 /* MomentsPageVC.m */ = {isa = PBXFileReference; lastKnownFileType = sourcecode.c.objc; path = MomentsPageVC.m; sourceTree = "<group>"; };
		B54643BF2842FDE90027ECD4 /* PersonPageVC.h */ = {isa = PBXFileReference; lastKnownFileType = sourcecode.c.h; path = PersonPageVC.h; sourceTree = "<group>"; };
		B54643C02842FDE90027ECD4 /* PersonPageVC.m */ = {isa = PBXFileReference; lastKnownFileType = sourcecode.c.objc; path = PersonPageVC.m; sourceTree = "<group>"; };
		B54643C4284312350027ECD4 /* FirstPageModel.h */ = {isa = PBXFileReference; lastKnownFileType = sourcecode.c.h; path = FirstPageModel.h; sourceTree = "<group>"; };
		B54643C5284312350027ECD4 /* FirstPageModel.m */ = {isa = PBXFileReference; lastKnownFileType = sourcecode.c.objc; path = FirstPageModel.m; sourceTree = "<group>"; };
		B54643C82843125D0027ECD4 /* FirstPageView.h */ = {isa = PBXFileReference; lastKnownFileType = sourcecode.c.h; path = FirstPageView.h; sourceTree = "<group>"; };
		B54643C92843125D0027ECD4 /* FirstPageView.m */ = {isa = PBXFileReference; lastKnownFileType = sourcecode.c.objc; path = FirstPageView.m; sourceTree = "<group>"; };
		B54643CB284313470027ECD4 /* firstPageData.plist */ = {isa = PBXFileReference; fileEncoding = 4; lastKnownFileType = text.plist.xml; name = firstPageData.plist; path = ../../FirstPageData/firstPageData.plist; sourceTree = "<group>"; };
		B54643CD2843172C0027ECD4 /* FirstPageImage.xcassets */ = {isa = PBXFileReference; lastKnownFileType = folder.assetcatalog; path = FirstPageImage.xcassets; sourceTree = "<group>"; };
		B56E97682849DCDB00FC5D5F /* MomentsImage.xcassets */ = {isa = PBXFileReference; lastKnownFileType = folder.assetcatalog; path = MomentsImage.xcassets; sourceTree = "<group>"; };
		B56E976F2849DDEE00FC5D5F /* MomentsCell.m */ = {isa = PBXFileReference; fileEncoding = 4; lastKnownFileType = sourcecode.c.objc; path = MomentsCell.m; sourceTree = "<group>"; };
		B56E97702849DDEE00FC5D5F /* MomentsCell.h */ = {isa = PBXFileReference; fileEncoding = 4; lastKnownFileType = sourcecode.c.h; path = MomentsCell.h; sourceTree = "<group>"; };
		B56E97722849DE0600FC5D5F /* MomentsModel.m */ = {isa = PBXFileReference; fileEncoding = 4; lastKnownFileType = sourcecode.c.objc; path = MomentsModel.m; sourceTree = "<group>"; };
		B56E97732849DE0600FC5D5F /* MomentsModel.h */ = {isa = PBXFileReference; fileEncoding = 4; lastKnownFileType = sourcecode.c.h; path = MomentsModel.h; sourceTree = "<group>"; };
		B56E97752849DE1000FC5D5F /* popFuncView.h */ = {isa = PBXFileReference; fileEncoding = 4; lastKnownFileType = sourcecode.c.h; path = popFuncView.h; sourceTree = "<group>"; };
		B56E97762849DE1000FC5D5F /* popFuncView.m */ = {isa = PBXFileReference; fileEncoding = 4; lastKnownFileType = sourcecode.c.objc; path = popFuncView.m; sourceTree = "<group>"; };
		B56E97782849DE1800FC5D5F /* SKKImageZoom.h */ = {isa = PBXFileReference; fileEncoding = 4; lastKnownFileType = sourcecode.c.h; path = SKKImageZoom.h; sourceTree = "<group>"; };
		B56E97792849DE1800FC5D5F /* SKKImageZoom.m */ = {isa = PBXFileReference; fileEncoding = 4; lastKnownFileType = sourcecode.c.objc; path = SKKImageZoom.m; sourceTree = "<group>"; };
		B56E977F2849F8A100FC5D5F /* momentData.plist */ = {isa = PBXFileReference; fileEncoding = 4; lastKnownFileType = text.plist.xml; name = momentData.plist; path = ../../MomentPageData/momentData.plist; sourceTree = "<group>"; };
		B56E97832849FEBD00FC5D5F /* PublishVC.h */ = {isa = PBXFileReference; lastKnownFileType = sourcecode.c.h; path = PublishVC.h; sourceTree = "<group>"; };
		B56E97842849FEBD00FC5D5F /* PublishVC.m */ = {isa = PBXFileReference; lastKnownFileType = sourcecode.c.objc; path = PublishVC.m; sourceTree = "<group>"; };
		B56E97872849FEF100FC5D5F /* SettingVC.h */ = {isa = PBXFileReference; lastKnownFileType = sourcecode.c.h; path = SettingVC.h; sourceTree = "<group>"; };
		B56E97882849FEF100FC5D5F /* SettingVC.m */ = {isa = PBXFileReference; lastKnownFileType = sourcecode.c.objc; path = SettingVC.m; sourceTree = "<group>"; };
		B56E978B2849FF5400FC5D5F /* CommentVC.h */ = {isa = PBXFileReference; lastKnownFileType = sourcecode.c.h; path = CommentVC.h; sourceTree = "<group>"; };
		B56E978C2849FF5400FC5D5F /* CommentVC.m */ = {isa = PBXFileReference; lastKnownFileType = sourcecode.c.objc; path = CommentVC.m; sourceTree = "<group>"; };
		B56E978E284A597B00FC5D5F /* TopView.h */ = {isa = PBXFileReference; lastKnownFileType = sourcecode.c.h; path = TopView.h; sourceTree = "<group>"; };
		B56E978F284A597B00FC5D5F /* TopView.m */ = {isa = PBXFileReference; lastKnownFileType = sourcecode.c.objc; path = TopView.m; sourceTree = "<group>"; };
		B5FB337628435BA20024532F /* FirstPageCellTableViewCell.h */ = {isa = PBXFileReference; lastKnownFileType = sourcecode.c.h; path = FirstPageCellTableViewCell.h; sourceTree = "<group>"; };
		B5FB337728435BA20024532F /* FirstPageCellTableViewCell.m */ = {isa = PBXFileReference; lastKnownFileType = sourcecode.c.objc; path = FirstPageCellTableViewCell.m; sourceTree = "<group>"; };
		B5FB33E92844E2EF0024532F /* addressBookData.plist */ = {isa = PBXFileReference; fileEncoding = 4; lastKnownFileType = text.plist.xml; name = addressBookData.plist; path = ../../AddressBookData/addressBookData.plist; sourceTree = "<group>"; };
		B5FB33EB2844E3250024532F /* AddressBookImage.xcassets */ = {isa = PBXFileReference; lastKnownFileType = folder.assetcatalog; path = AddressBookImage.xcassets; sourceTree = "<group>"; };
		B5FB33EF2844E38E0024532F /* AddressBookView.h */ = {isa = PBXFileReference; lastKnownFileType = sourcecode.c.h; path = AddressBookView.h; sourceTree = "<group>"; };
		B5FB33F02844E38E0024532F /* AddressBookView.m */ = {isa = PBXFileReference; lastKnownFileType = sourcecode.c.objc; path = AddressBookView.m; sourceTree = "<group>"; };
		B5FB33F22844E3A70024532F /* AddressBookModel.h */ = {isa = PBXFileReference; lastKnownFileType = sourcecode.c.h; path = AddressBookModel.h; sourceTree = "<group>"; };
		B5FB33F32844E3A70024532F /* AddressBookModel.m */ = {isa = PBXFileReference; lastKnownFileType = sourcecode.c.objc; path = AddressBookModel.m; sourceTree = "<group>"; };
		B5FB33F62844E5510024532F /* AddressBookCell.h */ = {isa = PBXFileReference; lastKnownFileType = sourcecode.c.h; path = AddressBookCell.h; sourceTree = "<group>"; };
		B5FB33F72844E5510024532F /* AddressBookCell.m */ = {isa = PBXFileReference; lastKnownFileType = sourcecode.c.objc; path = AddressBookCell.m; sourceTree = "<group>"; };
/* End PBXFileReference section */

/* Begin PBXFrameworksBuildPhase section */
		B52A260C28420D2400607363 /* Frameworks */ = {
			isa = PBXFrameworksBuildPhase;
			buildActionMask = 2147483647;
			files = (
				31B57CFE521B3BB6B2607FF7 /* Pods_WeChat.framework in Frameworks */,
			);
			runOnlyForDeploymentPostprocessing = 0;
		};
/* End PBXFrameworksBuildPhase section */

/* Begin PBXGroup section */
		0D1E7A4A328F30E9EB9C7CB7 /* Pods */ = {
			isa = PBXGroup;
			children = (
				09F1320FC9D24D0CE36AE86D /* Pods-WeChat.debug.xcconfig */,
				7C4D6A455DC381C0CB994636 /* Pods-WeChat.release.xcconfig */,
			);
			path = Pods;
			sourceTree = "<group>";
		};
		8A5162A0FA98EADE5376503A /* Frameworks */ = {
			isa = PBXGroup;
			children = (
				73A68825826A990CB809893C /* Pods_WeChat.framework */,
			);
			name = Frameworks;
			sourceTree = "<group>";
		};
		B52A260628420D2400607363 = {
			isa = PBXGroup;
			children = (
				B52A261128420D2400607363 /* WeChat */,
				B52A261028420D2400607363 /* Products */,
				0D1E7A4A328F30E9EB9C7CB7 /* Pods */,
				8A5162A0FA98EADE5376503A /* Frameworks */,
			);
			sourceTree = "<group>";
		};
		B52A261028420D2400607363 /* Products */ = {
			isa = PBXGroup;
			children = (
				B52A260F28420D2400607363 /* WeChat.app */,
			);
			name = Products;
			sourceTree = "<group>";
		};
		B52A261128420D2400607363 /* WeChat */ = {
			isa = PBXGroup;
			children = (
				B54643A728424EEC0027ECD4 /* Supporting Files */,
				B546439B284245580027ECD4 /* Login */,
				B54643B02842FC2D0027ECD4 /* Logined */,
				B54643A32842496E0027ECD4 /* Tools */,
				B52A262328420D2500607363 /* Info.plist */,
				B54643CB284313470027ECD4 /* firstPageData.plist */,
				B5FB33E92844E2EF0024532F /* addressBookData.plist */,
				B56E977F2849F8A100FC5D5F /* momentData.plist */,
				B54643AA284253650027ECD4 /* PrefixHeader.pch */,
			);
			path = WeChat;
			sourceTree = "<group>";
		};
		B546439B284245580027ECD4 /* Login */ = {
			isa = PBXGroup;
			children = (
				B54643AE284285370027ECD4 /* Controller */,
				B54643AF284285490027ECD4 /* View */,
				B54643A1284246850027ECD4 /* LoginImage.xcassets */,
			);
			path = Login;
			sourceTree = "<group>";
		};
		B546439C284245670027ECD4 /* FirstPage */ = {
			isa = PBXGroup;
			children = (
				B54643C2284312090027ECD4 /* Controller */,
				B54643C72843123E0027ECD4 /* View */,
				B54643C3284312180027ECD4 /* Model */,
				B54643CD2843172C0027ECD4 /* FirstPageImage.xcassets */,
			);
			path = FirstPage;
			sourceTree = "<group>";
		};
		B546439D284245810027ECD4 /* AddressBook */ = {
			isa = PBXGroup;
			children = (
				B5FB33ED2844E3410024532F /* Controller */,
				B5FB33EE2844E3650024532F /* View */,
				B5FB33F52844E3AD0024532F /* Model */,
				B5FB33EB2844E3250024532F /* AddressBookImage.xcassets */,
			);
			path = AddressBook;
			sourceTree = "<group>";
		};
		B54643A32842496E0027ECD4 /* Tools */ = {
			isa = PBXGroup;
			children = (
				B56E97782849DE1800FC5D5F /* SKKImageZoom.h */,
				B56E97792849DE1800FC5D5F /* SKKImageZoom.m */,
			);
			path = Tools;
			sourceTree = "<group>";
		};
		B54643A728424EEC0027ECD4 /* Supporting Files */ = {
			isa = PBXGroup;
			children = (
				B52A261228420D2400607363 /* AppDelegate.h */,
				B52A261328420D2400607363 /* AppDelegate.m */,
				B52A261B28420D2400607363 /* Main.storyboard */,
				B52A262028420D2500607363 /* LaunchScreen.storyboard */,
				B52A262428420D2500607363 /* main.m */,
				B52A261E28420D2500607363 /* Color.xcassets */,
			);
			path = "Supporting Files";
			sourceTree = "<group>";
		};
		B54643AE284285370027ECD4 /* Controller */ = {
			isa = PBXGroup;
			children = (
				B546439E284246490027ECD4 /* LoginVC.h */,
				B546439F284246490027ECD4 /* LoginVC.m */,
			);
			path = Controller;
			sourceTree = "<group>";
		};
		B54643AF284285490027ECD4 /* View */ = {
			isa = PBXGroup;
			children = (
				B54643AB284285320027ECD4 /* LoginView.h */,
				B54643AC284285320027ECD4 /* LoginView.m */,
			);
			path = View;
			sourceTree = "<group>";
		};
		B54643B02842FC2D0027ECD4 /* Logined */ = {
			isa = PBXGroup;
			children = (
				B54643B12842FCB20027ECD4 /* TabBarVC.h */,
				B54643B22842FCB20027ECD4 /* TabBarVC.m */,
				B546439C284245670027ECD4 /* FirstPage */,
				B546439D284245810027ECD4 /* AddressBook */,
				B54643BA2842FD950027ECD4 /* MomentsPage */,
				B54643BE2842FDBF0027ECD4 /* PersonPage */,
			);
			path = Logined;
			sourceTree = "<group>";
		};
		B54643BA2842FD950027ECD4 /* MomentsPage */ = {
			isa = PBXGroup;
			children = (
				B56E97812849FE4100FC5D5F /* ListPage */,
				B56E97822849FE5B00FC5D5F /* PublishPage */,
				B56E978A2849FF4200FC5D5F /* CommentPage */,
				B56E97682849DCDB00FC5D5F /* MomentsImage.xcassets */,
			);
			path = MomentsPage;
			sourceTree = "<group>";
		};
		B54643BE2842FDBF0027ECD4 /* PersonPage */ = {
			isa = PBXGroup;
			children = (
				B56E97862849FEC900FC5D5F /* SettingPage */,
				B54643BF2842FDE90027ECD4 /* PersonPageVC.h */,
				B54643C02842FDE90027ECD4 /* PersonPageVC.m */,
			);
			path = PersonPage;
			sourceTree = "<group>";
		};
		B54643C2284312090027ECD4 /* Controller */ = {
			isa = PBXGroup;
			children = (
				B54643B42842FD3F0027ECD4 /* FirstPageVC.h */,
				B54643B52842FD3F0027ECD4 /* FirstPageVC.m */,
			);
			path = Controller;
			sourceTree = "<group>";
		};
		B54643C3284312180027ECD4 /* Model */ = {
			isa = PBXGroup;
			children = (
				B54643C4284312350027ECD4 /* FirstPageModel.h */,
				B54643C5284312350027ECD4 /* FirstPageModel.m */,
			);
			path = Model;
			sourceTree = "<group>";
		};
		B54643C72843123E0027ECD4 /* View */ = {
			isa = PBXGroup;
			children = (
				B54643C82843125D0027ECD4 /* FirstPageView.h */,
				B54643C92843125D0027ECD4 /* FirstPageView.m */,
				B5FB337628435BA20024532F /* FirstPageCellTableViewCell.h */,
				B5FB337728435BA20024532F /* FirstPageCellTableViewCell.m */,
			);
			path = View;
			sourceTree = "<group>";
		};
		B56E976A2849DD1200FC5D5F /* Controller */ = {
			isa = PBXGroup;
			children = (
				B54643BB2842FDB70027ECD4 /* MomentsPageVC.h */,
				B54643BC2842FDB70027ECD4 /* MomentsPageVC.m */,
			);
			path = Controller;
			sourceTree = "<group>";
		};
		B56E976B2849DD2200FC5D5F /* View */ = {
			isa = PBXGroup;
			children = (
				B56E978E284A597B00FC5D5F /* TopView.h */,
				B56E978F284A597B00FC5D5F /* TopView.m */,
				B56E97702849DDEE00FC5D5F /* MomentsCell.h */,
				B56E976F2849DDEE00FC5D5F /* MomentsCell.m */,
				B56E97752849DE1000FC5D5F /* popFuncView.h */,
				B56E97762849DE1000FC5D5F /* popFuncView.m */,
			);
			path = View;
			sourceTree = "<group>";
		};
		B56E976C2849DD2A00FC5D5F /* Model */ = {
			isa = PBXGroup;
			children = (
				B56E97732849DE0600FC5D5F /* MomentsModel.h */,
				B56E97722849DE0600FC5D5F /* MomentsModel.m */,
			);
			path = Model;
			sourceTree = "<group>";
		};
		B56E97812849FE4100FC5D5F /* ListPage */ = {
			isa = PBXGroup;
			children = (
				B56E976A2849DD1200FC5D5F /* Controller */,
				B56E976B2849DD2200FC5D5F /* View */,
				B56E976C2849DD2A00FC5D5F /* Model */,
			);
			path = ListPage;
			sourceTree = "<group>";
		};
		B56E97822849FE5B00FC5D5F /* PublishPage */ = {
			isa = PBXGroup;
			children = (
				B56E97832849FEBD00FC5D5F /* PublishVC.h */,
				B56E97842849FEBD00FC5D5F /* PublishVC.m */,
			);
			path = PublishPage;
			sourceTree = "<group>";
		};
		B56E97862849FEC900FC5D5F /* SettingPage */ = {
			isa = PBXGroup;
			children = (
				B56E97872849FEF100FC5D5F /* SettingVC.h */,
				B56E97882849FEF100FC5D5F /* SettingVC.m */,
			);
			path = SettingPage;
			sourceTree = "<group>";
		};
		B56E978A2849FF4200FC5D5F /* CommentPage */ = {
			isa = PBXGroup;
			children = (
				B56E978B2849FF5400FC5D5F /* CommentVC.h */,
				B56E978C2849FF5400FC5D5F /* CommentVC.m */,
			);
			path = CommentPage;
			sourceTree = "<group>";
		};
		B5FB33ED2844E3410024532F /* Controller */ = {
			isa = PBXGroup;
			children = (
				B54643B72842FD5A0027ECD4 /* AddressBookVC.h */,
				B54643B82842FD5A0027ECD4 /* AddressBookVC.m */,
			);
			path = Controller;
			sourceTree = "<group>";
		};
		B5FB33EE2844E3650024532F /* View */ = {
			isa = PBXGroup;
			children = (
				B5FB33EF2844E38E0024532F /* AddressBookView.h */,
				B5FB33F02844E38E0024532F /* AddressBookView.m */,
				B5FB33F62844E5510024532F /* AddressBookCell.h */,
				B5FB33F72844E5510024532F /* AddressBookCell.m */,
			);
			path = View;
			sourceTree = "<group>";
		};
		B5FB33F52844E3AD0024532F /* Model */ = {
			isa = PBXGroup;
			children = (
				B5FB33F22844E3A70024532F /* AddressBookModel.h */,
				B5FB33F32844E3A70024532F /* AddressBookModel.m */,
			);
			path = Model;
			sourceTree = "<group>";
		};
/* End PBXGroup section */

/* Begin PBXNativeTarget section */
		B52A260E28420D2400607363 /* WeChat */ = {
			isa = PBXNativeTarget;
			buildConfigurationList = B52A262828420D2500607363 /* Build configuration list for PBXNativeTarget "WeChat" */;
			buildPhases = (
				4425C4A754B43A7455E07D74 /* [CP] Check Pods Manifest.lock */,
				B52A260B28420D2400607363 /* Sources */,
				B52A260C28420D2400607363 /* Frameworks */,
				B52A260D28420D2400607363 /* Resources */,
				C6620B735AE6D57C3B110561 /* [CP] Embed Pods Frameworks */,
			);
			buildRules = (
			);
			dependencies = (
			);
			name = WeChat;
			productName = WeChat;
			productReference = B52A260F28420D2400607363 /* WeChat.app */;
			productType = "com.apple.product-type.application";
		};
/* End PBXNativeTarget section */

/* Begin PBXProject section */
		B52A260728420D2400607363 /* Project object */ = {
			isa = PBXProject;
			attributes = {
				BuildIndependentTargetsInParallel = 1;
				LastUpgradeCheck = 1310;
				TargetAttributes = {
					B52A260E28420D2400607363 = {
						CreatedOnToolsVersion = 13.1;
					};
				};
			};
			buildConfigurationList = B52A260A28420D2400607363 /* Build configuration list for PBXProject "WeChat" */;
			compatibilityVersion = "Xcode 13.0";
			developmentRegion = en;
			hasScannedForEncodings = 0;
			knownRegions = (
				en,
				Base,
			);
			mainGroup = B52A260628420D2400607363;
			productRefGroup = B52A261028420D2400607363 /* Products */;
			projectDirPath = "";
			projectRoot = "";
			targets = (
				B52A260E28420D2400607363 /* WeChat */,
			);
		};
/* End PBXProject section */

/* Begin PBXResourcesBuildPhase section */
		B52A260D28420D2400607363 /* Resources */ = {
			isa = PBXResourcesBuildPhase;
			buildActionMask = 2147483647;
			files = (
				B54643A2284246850027ECD4 /* LoginImage.xcassets in Resources */,
				B5FB33EC2844E3250024532F /* AddressBookImage.xcassets in Resources */,
				B56E97802849F8A100FC5D5F /* momentData.plist in Resources */,
				B54643CC284313470027ECD4 /* firstPageData.plist in Resources */,
				B52A262228420D2500607363 /* LaunchScreen.storyboard in Resources */,
				B56E97692849DCDB00FC5D5F /* MomentsImage.xcassets in Resources */,
				B5FB33EA2844E2EF0024532F /* addressBookData.plist in Resources */,
				B52A261F28420D2500607363 /* Color.xcassets in Resources */,
				B52A261D28420D2400607363 /* Main.storyboard in Resources */,
				B54643CE2843172C0027ECD4 /* FirstPageImage.xcassets in Resources */,
			);
			runOnlyForDeploymentPostprocessing = 0;
		};
/* End PBXResourcesBuildPhase section */

/* Begin PBXShellScriptBuildPhase section */
		4425C4A754B43A7455E07D74 /* [CP] Check Pods Manifest.lock */ = {
			isa = PBXShellScriptBuildPhase;
			buildActionMask = 2147483647;
			files = (
			);
			inputFileListPaths = (
			);
			inputPaths = (
				"${PODS_PODFILE_DIR_PATH}/Podfile.lock",
				"${PODS_ROOT}/Manifest.lock",
			);
			name = "[CP] Check Pods Manifest.lock";
			outputFileListPaths = (
			);
			outputPaths = (
				"$(DERIVED_FILE_DIR)/Pods-WeChat-checkManifestLockResult.txt",
			);
			runOnlyForDeploymentPostprocessing = 0;
			shellPath = /bin/sh;
			shellScript = "diff \"${PODS_PODFILE_DIR_PATH}/Podfile.lock\" \"${PODS_ROOT}/Manifest.lock\" > /dev/null\nif [ $? != 0 ] ; then\n    # print error to STDERR\n    echo \"error: The sandbox is not in sync with the Podfile.lock. Run 'pod install' or update your CocoaPods installation.\" >&2\n    exit 1\nfi\n# This output is used by Xcode 'outputs' to avoid re-running this script phase.\necho \"SUCCESS\" > \"${SCRIPT_OUTPUT_FILE_0}\"\n";
			showEnvVarsInLog = 0;
		};
		C6620B735AE6D57C3B110561 /* [CP] Embed Pods Frameworks */ = {
			isa = PBXShellScriptBuildPhase;
			buildActionMask = 2147483647;
			files = (
			);
			inputFileListPaths = (
				"${PODS_ROOT}/Target Support Files/Pods-WeChat/Pods-WeChat-frameworks-${CONFIGURATION}-input-files.xcfilelist",
			);
			name = "[CP] Embed Pods Frameworks";
			outputFileListPaths = (
				"${PODS_ROOT}/Target Support Files/Pods-WeChat/Pods-WeChat-frameworks-${CONFIGURATION}-output-files.xcfilelist",
			);
			runOnlyForDeploymentPostprocessing = 0;
			shellPath = /bin/sh;
			shellScript = "\"${PODS_ROOT}/Target Support Files/Pods-WeChat/Pods-WeChat-frameworks.sh\"\n";
			showEnvVarsInLog = 0;
		};
/* End PBXShellScriptBuildPhase section */

/* Begin PBXSourcesBuildPhase section */
		B52A260B28420D2400607363 /* Sources */ = {
			isa = PBXSourcesBuildPhase;
			buildActionMask = 2147483647;
			files = (
				B56E978D2849FF5400FC5D5F /* CommentVC.m in Sources */,
				B56E977A2849DE1800FC5D5F /* SKKImageZoom.m in Sources */,
				B54643C12842FDE90027ECD4 /* PersonPageVC.m in Sources */,
				B56E97712849DDEE00FC5D5F /* MomentsCell.m in Sources */,
				B54643C6284312350027ECD4 /* FirstPageModel.m in Sources */,
				B56E97742849DE0600FC5D5F /* MomentsModel.m in Sources */,
				B54643CA2843125D0027ECD4 /* FirstPageView.m in Sources */,
				B54643B62842FD3F0027ECD4 /* FirstPageVC.m in Sources */,
				B52A261428420D2400607363 /* AppDelegate.m in Sources */,
				B54643BD2842FDB70027ECD4 /* MomentsPageVC.m in Sources */,
				B5FB33F82844E5510024532F /* AddressBookCell.m in Sources */,
				B54643A0284246490027ECD4 /* LoginVC.m in Sources */,
				B5FB33F42844E3A70024532F /* AddressBookModel.m in Sources */,
				B5FB33F12844E38E0024532F /* AddressBookView.m in Sources */,
				B56E97772849DE1000FC5D5F /* popFuncView.m in Sources */,
				B56E97852849FEBD00FC5D5F /* PublishVC.m in Sources */,
				B54643B92842FD5A0027ECD4 /* AddressBookVC.m in Sources */,
				B56E97892849FEF100FC5D5F /* SettingVC.m in Sources */,
				B56E9790284A597B00FC5D5F /* TopView.m in Sources */,
				B5FB337828435BA20024532F /* FirstPageCellTableViewCell.m in Sources */,
				B54643AD284285320027ECD4 /* LoginView.m in Sources */,
				B54643B32842FCB20027ECD4 /* TabBarVC.m in Sources */,
				B52A262528420D2500607363 /* main.m in Sources */,
			);
			runOnlyForDeploymentPostprocessing = 0;
		};
/* End PBXSourcesBuildPhase section */

/* Begin PBXVariantGroup section */
		B52A261B28420D2400607363 /* Main.storyboard */ = {
			isa = PBXVariantGroup;
			children = (
				B52A261C28420D2400607363 /* Base */,
			);
			name = Main.storyboard;
			sourceTree = "<group>";
		};
		B52A262028420D2500607363 /* LaunchScreen.storyboard */ = {
			isa = PBXVariantGroup;
			children = (
				B52A262128420D2500607363 /* Base */,
			);
			name = LaunchScreen.storyboard;
			sourceTree = "<group>";
		};
/* End PBXVariantGroup section */

/* Begin XCBuildConfiguration section */
		B52A262628420D2500607363 /* Debug */ = {
			isa = XCBuildConfiguration;
			buildSettings = {
				ALWAYS_SEARCH_USER_PATHS = NO;
				CLANG_ANALYZER_NONNULL = YES;
				CLANG_ANALYZER_NUMBER_OBJECT_CONVERSION = YES_AGGRESSIVE;
				CLANG_CXX_LANGUAGE_STANDARD = "gnu++17";
				CLANG_CXX_LIBRARY = "libc++";
				CLANG_ENABLE_MODULES = YES;
				CLANG_ENABLE_OBJC_ARC = YES;
				CLANG_ENABLE_OBJC_WEAK = YES;
				CLANG_WARN_BLOCK_CAPTURE_AUTORELEASING = YES;
				CLANG_WARN_BOOL_CONVERSION = YES;
				CLANG_WARN_COMMA = YES;
				CLANG_WARN_CONSTANT_CONVERSION = YES;
				CLANG_WARN_DEPRECATED_OBJC_IMPLEMENTATIONS = YES;
				CLANG_WARN_DIRECT_OBJC_ISA_USAGE = YES_ERROR;
				CLANG_WARN_DOCUMENTATION_COMMENTS = YES;
				CLANG_WARN_EMPTY_BODY = YES;
				CLANG_WARN_ENUM_CONVERSION = YES;
				CLANG_WARN_INFINITE_RECURSION = YES;
				CLANG_WARN_INT_CONVERSION = YES;
				CLANG_WARN_NON_LITERAL_NULL_CONVERSION = YES;
				CLANG_WARN_OBJC_IMPLICIT_RETAIN_SELF = YES;
				CLANG_WARN_OBJC_LITERAL_CONVERSION = YES;
				CLANG_WARN_OBJC_ROOT_CLASS = YES_ERROR;
				CLANG_WARN_QUOTED_INCLUDE_IN_FRAMEWORK_HEADER = YES;
				CLANG_WARN_RANGE_LOOP_ANALYSIS = YES;
				CLANG_WARN_STRICT_PROTOTYPES = YES;
				CLANG_WARN_SUSPICIOUS_MOVE = YES;
				CLANG_WARN_UNGUARDED_AVAILABILITY = YES_AGGRESSIVE;
				CLANG_WARN_UNREACHABLE_CODE = YES;
				CLANG_WARN__DUPLICATE_METHOD_MATCH = YES;
				COPY_PHASE_STRIP = NO;
				DEBUG_INFORMATION_FORMAT = dwarf;
				ENABLE_STRICT_OBJC_MSGSEND = YES;
				ENABLE_TESTABILITY = YES;
				GCC_C_LANGUAGE_STANDARD = gnu11;
				GCC_DYNAMIC_NO_PIC = NO;
				GCC_NO_COMMON_BLOCKS = YES;
				GCC_OPTIMIZATION_LEVEL = 0;
				GCC_PRECOMPILE_PREFIX_HEADER = YES;
				GCC_PREFIX_HEADER = "$(SRCROOT)/WeChat/PrefixHeader.pch";
				GCC_PREPROCESSOR_DEFINITIONS = (
					"DEBUG=1",
					"$(inherited)",
				);
				GCC_WARN_64_TO_32_BIT_CONVERSION = YES;
				GCC_WARN_ABOUT_RETURN_TYPE = YES_ERROR;
				GCC_WARN_UNDECLARED_SELECTOR = YES;
				GCC_WARN_UNINITIALIZED_AUTOS = YES_AGGRESSIVE;
				GCC_WARN_UNUSED_FUNCTION = YES;
				GCC_WARN_UNUSED_VARIABLE = YES;
				IPHONEOS_DEPLOYMENT_TARGET = 15.0;
				MTL_ENABLE_DEBUG_INFO = INCLUDE_SOURCE;
				MTL_FAST_MATH = YES;
				ONLY_ACTIVE_ARCH = YES;
				SDKROOT = iphoneos;
			};
			name = Debug;
		};
		B52A262728420D2500607363 /* Release */ = {
			isa = XCBuildConfiguration;
			buildSettings = {
				ALWAYS_SEARCH_USER_PATHS = NO;
				CLANG_ANALYZER_NONNULL = YES;
				CLANG_ANALYZER_NUMBER_OBJECT_CONVERSION = YES_AGGRESSIVE;
				CLANG_CXX_LANGUAGE_STANDARD = "gnu++17";
				CLANG_CXX_LIBRARY = "libc++";
				CLANG_ENABLE_MODULES = YES;
				CLANG_ENABLE_OBJC_ARC = YES;
				CLANG_ENABLE_OBJC_WEAK = YES;
				CLANG_WARN_BLOCK_CAPTURE_AUTORELEASING = YES;
				CLANG_WARN_BOOL_CONVERSION = YES;
				CLANG_WARN_COMMA = YES;
				CLANG_WARN_CONSTANT_CONVERSION = YES;
				CLANG_WARN_DEPRECATED_OBJC_IMPLEMENTATIONS = YES;
				CLANG_WARN_DIRECT_OBJC_ISA_USAGE = YES_ERROR;
				CLANG_WARN_DOCUMENTATION_COMMENTS = YES;
				CLANG_WARN_EMPTY_BODY = YES;
				CLANG_WARN_ENUM_CONVERSION = YES;
				CLANG_WARN_INFINITE_RECURSION = YES;
				CLANG_WARN_INT_CONVERSION = YES;
				CLANG_WARN_NON_LITERAL_NULL_CONVERSION = YES;
				CLANG_WARN_OBJC_IMPLICIT_RETAIN_SELF = YES;
				CLANG_WARN_OBJC_LITERAL_CONVERSION = YES;
				CLANG_WARN_OBJC_ROOT_CLASS = YES_ERROR;
				CLANG_WARN_QUOTED_INCLUDE_IN_FRAMEWORK_HEADER = YES;
				CLANG_WARN_RANGE_LOOP_ANALYSIS = YES;
				CLANG_WARN_STRICT_PROTOTYPES = YES;
				CLANG_WARN_SUSPICIOUS_MOVE = YES;
				CLANG_WARN_UNGUARDED_AVAILABILITY = YES_AGGRESSIVE;
				CLANG_WARN_UNREACHABLE_CODE = YES;
				CLANG_WARN__DUPLICATE_METHOD_MATCH = YES;
				COPY_PHASE_STRIP = NO;
				DEBUG_INFORMATION_FORMAT = "dwarf-with-dsym";
				ENABLE_NS_ASSERTIONS = NO;
				ENABLE_STRICT_OBJC_MSGSEND = YES;
				GCC_C_LANGUAGE_STANDARD = gnu11;
				GCC_NO_COMMON_BLOCKS = YES;
				GCC_PRECOMPILE_PREFIX_HEADER = YES;
				GCC_PREFIX_HEADER = "$(SRCROOT)/WeChat/PrefixHeader.pch";
				GCC_WARN_64_TO_32_BIT_CONVERSION = YES;
				GCC_WARN_ABOUT_RETURN_TYPE = YES_ERROR;
				GCC_WARN_UNDECLARED_SELECTOR = YES;
				GCC_WARN_UNINITIALIZED_AUTOS = YES_AGGRESSIVE;
				GCC_WARN_UNUSED_FUNCTION = YES;
				GCC_WARN_UNUSED_VARIABLE = YES;
				IPHONEOS_DEPLOYMENT_TARGET = 15.0;
				MTL_ENABLE_DEBUG_INFO = NO;
				MTL_FAST_MATH = YES;
				SDKROOT = iphoneos;
				VALIDATE_PRODUCT = YES;
			};
			name = Release;
		};
		B52A262928420D2500607363 /* Debug */ = {
			isa = XCBuildConfiguration;
			baseConfigurationReference = 09F1320FC9D24D0CE36AE86D /* Pods-WeChat.debug.xcconfig */;
			buildSettings = {
				ASSETCATALOG_COMPILER_APPICON_NAME = AppIcon;
				ASSETCATALOG_COMPILER_GLOBAL_ACCENT_COLOR_NAME = AccentColor;
				CODE_SIGN_STYLE = Automatic;
				CURRENT_PROJECT_VERSION = 1;
				DEVELOPMENT_TEAM = MFF5WD4K94;
				GCC_PRECOMPILE_PREFIX_HEADER = YES;
				GCC_PREFIX_HEADER = "$(SRCROOT)/WeChat/PrefixHeader.pch";
				GENERATE_INFOPLIST_FILE = YES;
				INFOPLIST_FILE = WeChat/Info.plist;
				INFOPLIST_KEY_UIApplicationSupportsIndirectInputEvents = YES;
				INFOPLIST_KEY_UILaunchStoryboardName = LaunchScreen;
				INFOPLIST_KEY_UIMainStoryboardFile = Main;
				INFOPLIST_KEY_UISupportedInterfaceOrientations_iPad = "UIInterfaceOrientationPortrait UIInterfaceOrientationPortraitUpsideDown UIInterfaceOrientationLandscapeLeft UIInterfaceOrientationLandscapeRight";
				INFOPLIST_KEY_UISupportedInterfaceOrientations_iPhone = "UIInterfaceOrientationPortrait UIInterfaceOrientationLandscapeLeft UIInterfaceOrientationLandscapeRight";
				LD_RUNPATH_SEARCH_PATHS = (
					"$(inherited)",
					"@executable_path/Frameworks",
				);
				MARKETING_VERSION = 1.0;
				PRODUCT_BUNDLE_IDENTIFIER = sungkaikai.WeChat;
				PRODUCT_NAME = "$(TARGET_NAME)";
				SWIFT_EMIT_LOC_STRINGS = YES;
				TARGETED_DEVICE_FAMILY = "1,2";
			};
			name = Debug;
		};
		B52A262A28420D2500607363 /* Release */ = {
			isa = XCBuildConfiguration;
			baseConfigurationReference = 7C4D6A455DC381C0CB994636 /* Pods-WeChat.release.xcconfig */;
			buildSettings = {
				ASSETCATALOG_COMPILER_APPICON_NAME = AppIcon;
				ASSETCATALOG_COMPILER_GLOBAL_ACCENT_COLOR_NAME = AccentColor;
				CODE_SIGN_STYLE = Automatic;
				CURRENT_PROJECT_VERSION = 1;
				DEVELOPMENT_TEAM = MFF5WD4K94;
				GCC_PRECOMPILE_PREFIX_HEADER = YES;
				GCC_PREFIX_HEADER = "$(SRCROOT)/WeChat/PrefixHeader.pch";
				GENERATE_INFOPLIST_FILE = YES;
				INFOPLIST_FILE = WeChat/Info.plist;
				INFOPLIST_KEY_UIApplicationSupportsIndirectInputEvents = YES;
				INFOPLIST_KEY_UILaunchStoryboardName = LaunchScreen;
				INFOPLIST_KEY_UIMainStoryboardFile = Main;
				INFOPLIST_KEY_UISupportedInterfaceOrientations_iPad = "UIInterfaceOrientationPortrait UIInterfaceOrientationPortraitUpsideDown UIInterfaceOrientationLandscapeLeft UIInterfaceOrientationLandscapeRight";
				INFOPLIST_KEY_UISupportedInterfaceOrientations_iPhone = "UIInterfaceOrientationPortrait UIInterfaceOrientationLandscapeLeft UIInterfaceOrientationLandscapeRight";
				LD_RUNPATH_SEARCH_PATHS = (
					"$(inherited)",
					"@executable_path/Frameworks",
				);
				MARKETING_VERSION = 1.0;
				PRODUCT_BUNDLE_IDENTIFIER = sungkaikai.WeChat;
				PRODUCT_NAME = "$(TARGET_NAME)";
				SWIFT_EMIT_LOC_STRINGS = YES;
				TARGETED_DEVICE_FAMILY = "1,2";
			};
			name = Release;
		};
/* End XCBuildConfiguration section */

/* Begin XCConfigurationList section */
		B52A260A28420D2400607363 /* Build configuration list for PBXProject "WeChat" */ = {
			isa = XCConfigurationList;
			buildConfigurations = (
				B52A262628420D2500607363 /* Debug */,
				B52A262728420D2500607363 /* Release */,
			);
			defaultConfigurationIsVisible = 0;
			defaultConfigurationName = Release;
		};
		B52A262828420D2500607363 /* Build configuration list for PBXNativeTarget "WeChat" */ = {
			isa = XCConfigurationList;
			buildConfigurations = (
				B52A262928420D2500607363 /* Debug */,
				B52A262A28420D2500607363 /* Release */,
			);
			defaultConfigurationIsVisible = 0;
			defaultConfigurationName = Release;
		};
/* End XCConfigurationList section */
	};
	rootObject = B52A260728420D2400607363 /* Project object */;
}
